{
  "name": "aetherfy-node-ts-hono",
  "version": "1.0.0",
  "lockfileVersion": 3,
  "requires": true,
  "packages": {
    "": {
      "name": "aetherfy-node-ts-hono",
      "version": "1.0.0",
      "dependencies": {
        "hono": "^4.6.0"
      },
      "engines": {
        "node": ">=22"
      }
    },
    "node_modules/hono": {
      "version": "4.13.10",
      "resolved": "https://registry.npmjs.org/hono/-/hono-4.13.10.tgz",
      "integrity": "sha512-dQuLsa5oO+47QVMVMaaD9cIv8ctmVtK1iRvwWngkfloFJMeFeuoUFDswIqZGxmGX3hrRzREgEArjkK9OgsQEhA==",
      "license": "MIT",
      "engines": {
        "node": ">=16.9.0"
      }
    }
  }
}
